
Microsoft Visual Studio Solution File, Format Version 12.00
# Visual Studio Version 16
VisualStudioVersion = 16.0.31729.503
MinimumVisualStudioVersion = 10.0.40219.1
Project("{9A19103F-16F7-4668-BE54-9A1E7A4F7556}") = "Workaround", "Workaround\Workaround.csproj", "{AF1AACFF-C846-4784-83A4-3794D501661C}"
EndProject
Project("{9A19103F-16F7-4668-BE54-9A1E7A4F7556}") = "Entities", "Entities\Entities.csproj", "{61480AF7-011B-4CCF-AB27-8B87900FFE32}"
EndProject
Project("{FAE04EC0-301F-11D3-BF4B-00C04F79EFBC}") = "Business", "Business\Business.csproj", "{12D89B09-905F-4E99-BDA8-DC9F1D19523C}"
EndProject
Global
	GlobalSection(SolutionConfigurationPlatforms) = preSolution
		Debug|Any CPU = Debug|Any CPU
		Release|Any CPU = Release|Any CPU
	EndGlobalSection
	GlobalSection(ProjectConfigurationPlatforms) = postSolution
		{AF1AACFF-C846-4784-83A4-3794D501661C}.Debug|Any CPU.ActiveCfg = Debug|Any CPU
		{AF1AACFF-C846-4784-83A4-3794D501661C}.Debug|Any CPU.Build.0 = Debug|Any CPU
		{AF1AACFF-C846-4784-83A4-3794D501661C}.Release|Any CPU.ActiveCfg = Release|Any CPU
		{AF1AACFF-C846-4784-83A4-3794D501661C}.Release|Any CPU.Build.0 = Release|Any CPU
		{61480AF7-011B-4CCF-AB27-8B87900FFE32}.Debug|Any CPU.ActiveCfg = Debug|Any CPU
		{61480AF7-011B-4CCF-AB27-8B87900FFE32}.Debug|Any CPU.Build.0 = Debug|Any CPU
		{61480AF7-011B-4CCF-AB27-8B87900FFE32}.Release|Any CPU.ActiveCfg = Release|Any CPU
		{61480AF7-011B-4CCF-AB27-8B87900FFE32}.Release|Any CPU.Build.0 = Release|Any CPU
		{12D89B09-905F-4E99-BDA8-DC9F1D19523C}.Debug|Any CPU.ActiveCfg = Debug|Any CPU
		{12D89B09-905F-4E99-BDA8-DC9F1D19523C}.Debug|Any CPU.Build.0 = Debug|Any CPU
		{12D89B09-905F-4E99-BDA8-DC9F1D19523C}.Release|Any CPU.ActiveCfg = Release|Any CPU
		{12D89B09-905F-4E99-BDA8-DC9F1D19523C}.Release|Any CPU.Build.0 = Release|Any CPU
	EndGlobalSection
	GlobalSection(SolutionProperties) = preSolution
		HideSolutionNode = FALSE
	EndGlobalSection
	GlobalSection(ExtensibilityGlobals) = postSolution
		SolutionGuid = {BA939DF7-BDEC-463B-9D39-E20096A9BDC3}
	EndGlobalSection
EndGlobal
